
Microsoft Visual Studio Solution File, Format Version 12.00
# Visual Studio Version 16
VisualStudioVersion = 16.0.32413.511
MinimumVisualStudioVersion = 10.0.40219.1
Project("{FAE04EC0-301F-11D3-BF4B-00C04F79EFBC}") = "Leo.Android", "Leo.Android\Leo.Android.csproj", "{CD5FA4B8-EE51-4BC3-85F7-A93DEFEF0443}"
EndProject
Project("{FAE04EC0-301F-11D3-BF4B-00C04F79EFBC}") = "Leo.iOS", "Leo.iOS\Leo.iOS.csproj", "{23EBE40E-DBD5-413F-98CF-218376E3C2FD}"
EndProject
Project("{FAE04EC0-301F-11D3-BF4B-00C04F79EFBC}") = "Leo", "Leo\Leo.csproj", "{214149B9-E8DD-463D-8D5D-A6A48F555C9C}"
EndProject
Global
	GlobalSection(SolutionConfigurationPlatforms) = preSolution
		Debug|Any CPU = Debug|Any CPU
		Debug|iPhone = Debug|iPhone
		Debug|iPhoneSimulator = Debug|iPhoneSimulator
		Release|Any CPU = Release|Any CPU
		Release|iPhone = Release|iPhone
		Release|iPhoneSimulator = Release|iPhoneSimulator
	EndGlobalSection
	GlobalSection(ProjectConfigurationPlatforms) = postSolution
		{CD5FA4B8-EE51-4BC3-85F7-A93DEFEF0443}.Debug|Any CPU.ActiveCfg = Debug|Any CPU
		{CD5FA4B8-EE51-4BC3-85F7-A93DEFEF0443}.Debug|Any CPU.Build.0 = Debug|Any CPU
		{CD5FA4B8-EE51-4BC3-85F7-A93DEFEF0443}.Debug|Any CPU.Deploy.0 = Debug|Any CPU
		{CD5FA4B8-EE51-4BC3-85F7-A93DEFEF0443}.Debug|iPhone.ActiveCfg = Debug|Any CPU
		{CD5FA4B8-EE51-4BC3-85F7-A93DEFEF0443}.Debug|iPhone.Build.0 = Debug|Any CPU
		{CD5FA4B8-EE51-4BC3-85F7-A93DEFEF0443}.Debug|iPhone.Deploy.0 = Debug|Any CPU
		{CD5FA4B8-EE51-4BC3-85F7-A93DEFEF0443}.Debug|iPhoneSimulator.ActiveCfg = Debug|Any CPU
		{CD5FA4B8-EE51-4BC3-85F7-A93DEFEF0443}.Debug|iPhoneSimulator.Build.0 = Debug|Any CPU
		{CD5FA4B8-EE51-4BC3-85F7-A93DEFEF0443}.Debug|iPhoneSimulator.Deploy.0 = Debug|Any CPU
		{CD5FA4B8-EE51-4BC3-85F7-A93DEFEF0443}.Release|Any CPU.ActiveCfg = Release|Any CPU
		{CD5FA4B8-EE51-4BC3-85F7-A93DEFEF0443}.Release|Any CPU.Build.0 = Release|Any CPU
		{CD5FA4B8-EE51-4BC3-85F7-A93DEFEF0443}.Release|Any CPU.Deploy.0 = Release|Any CPU
		{CD5FA4B8-EE51-4BC3-85F7-A93DEFEF0443}.Release|iPhone.ActiveCfg = Release|Any CPU
		{CD5FA4B8-EE51-4BC3-85F7-A93DEFEF0443}.Release|iPhone.Build.0 = Release|Any CPU
		{CD5FA4B8-EE51-4BC3-85F7-A93DEFEF0443}.Release|iPhone.Deploy.0 = Release|Any CPU
		{CD5FA4B8-EE51-4BC3-85F7-A93DEFEF0443}.Release|iPhoneSimulator.ActiveCfg = Release|Any CPU
		{CD5FA4B8-EE51-4BC3-85F7-A93DEFEF0443}.Release|iPhoneSimulator.Build.0 = Release|Any CPU
		{CD5FA4B8-EE51-4BC3-85F7-A93DEFEF0443}.Release|iPhoneSimulator.Deploy.0 = Release|Any CPU
		{23EBE40E-DBD5-413F-98CF-218376E3C2FD}.Debug|Any CPU.ActiveCfg = Debug|iPhone
		{23EBE40E-DBD5-413F-98CF-218376E3C2FD}.Debug|Any CPU.Build.0 = Debug|iPhone
		{23EBE40E-DBD5-413F-98CF-218376E3C2FD}.Debug|Any CPU.Deploy.0 = Debug|iPhone
		{23EBE40E-DBD5-413F-98CF-218376E3C2FD}.Debug|iPhone.ActiveCfg = Debug|iPhone
		{23EBE40E-DBD5-413F-98CF-218376E3C2FD}.Debug|iPhone.Build.0 = Debug|iPhone
		{23EBE40E-DBD5-413F-98CF-218376E3C2FD}.Debug|iPhone.Deploy.0 = Debug|iPhone
		{23EBE40E-DBD5-413F-98CF-218376E3C2FD}.Debug|iPhoneSimulator.ActiveCfg = Debug|iPhoneSimulator
		{23EBE40E-DBD5-413F-98CF-218376E3C2FD}.Debug|iPhoneSimulator.Build.0 = Debug|iPhoneSimulator
		{23EBE40E-DBD5-413F-98CF-218376E3C2FD}.Debug|iPhoneSimulator.Deploy.0 = Debug|iPhoneSimulator
		{23EBE40E-DBD5-413F-98CF-218376E3C2FD}.Release|Any CPU.ActiveCfg = Release|iPhoneSimulator
		{23EBE40E-DBD5-413F-98CF-218376E3C2FD}.Release|Any CPU.Build.0 = Release|iPhoneSimulator
		{23EBE40E-DBD5-413F-98CF-218376E3C2FD}.Release|Any CPU.Deploy.0 = Release|iPhoneSimulator
		{23EBE40E-DBD5-413F-98CF-218376E3C2FD}.Release|iPhone.ActiveCfg = Release|iPhone
		{23EBE40E-DBD5-413F-98CF-218376E3C2FD}.Release|iPhone.Build.0 = Release|iPhone
		{23EBE40E-DBD5-413F-98CF-218376E3C2FD}.Release|iPhone.Deploy.0 = Release|iPhone
		{23EBE40E-DBD5-413F-98CF-218376E3C2FD}.Release|iPhoneSimulator.ActiveCfg = Release|iPhoneSimulator
		{23EBE40E-DBD5-413F-98CF-218376E3C2FD}.Release|iPhoneSimulator.Build.0 = Release|iPhoneSimulator
		{23EBE40E-DBD5-413F-98CF-218376E3C2FD}.Release|iPhoneSimulator.Deploy.0 = Release|iPhoneSimulator
		{214149B9-E8DD-463D-8D5D-A6A48F555C9C}.Debug|Any CPU.ActiveCfg = Debug|Any CPU
		{214149B9-E8DD-463D-8D5D-A6A48F555C9C}.Debug|Any CPU.Build.0 = Debug|Any CPU
		{214149B9-E8DD-463D-8D5D-A6A48F555C9C}.Debug|Any CPU.Deploy.0 = Debug|Any CPU
		{214149B9-E8DD-463D-8D5D-A6A48F555C9C}.Debug|iPhone.ActiveCfg = Debug|Any CPU
		{214149B9-E8DD-463D-8D5D-A6A48F555C9C}.Debug|iPhone.Build.0 = Debug|Any CPU
		{214149B9-E8DD-463D-8D5D-A6A48F555C9C}.Debug|iPhone.Deploy.0 = Debug|Any CPU
		{214149B9-E8DD-463D-8D5D-A6A48F555C9C}.Debug|iPhoneSimulator.ActiveCfg = Debug|Any CPU
		{214149B9-E8DD-463D-8D5D-A6A48F555C9C}.Debug|iPhoneSimulator.Build.0 = Debug|Any CPU
		{214149B9-E8DD-463D-8D5D-A6A48F555C9C}.Debug|iPhoneSimulator.Deploy.0 = Debug|Any CPU
		{214149B9-E8DD-463D-8D5D-A6A48F555C9C}.Release|Any CPU.ActiveCfg = Release|Any CPU
		{214149B9-E8DD-463D-8D5D-A6A48F555C9C}.Release|Any CPU.Build.0 = Release|Any CPU
		{214149B9-E8DD-463D-8D5D-A6A48F555C9C}.Release|Any CPU.Deploy.0 = Release|Any CPU
		{214149B9-E8DD-463D-8D5D-A6A48F555C9C}.Release|iPhone.ActiveCfg = Release|Any CPU
		{214149B9-E8DD-463D-8D5D-A6A48F555C9C}.Release|iPhone.Build.0 = Release|Any CPU
		{214149B9-E8DD-463D-8D5D-A6A48F555C9C}.Release|iPhone.Deploy.0 = Release|Any CPU
		{214149B9-E8DD-463D-8D5D-A6A48F555C9C}.Release|iPhoneSimulator.ActiveCfg = Release|Any CPU
		{214149B9-E8DD-463D-8D5D-A6A48F555C9C}.Release|iPhoneSimulator.Build.0 = Release|Any CPU
		{214149B9-E8DD-463D-8D5D-A6A48F555C9C}.Release|iPhoneSimulator.Deploy.0 = Release|Any CPU
	EndGlobalSection
	GlobalSection(SolutionProperties) = preSolution
		HideSolutionNode = FALSE
	EndGlobalSection
	GlobalSection(ExtensibilityGlobals) = postSolution
		SolutionGuid = {E1641DFE-447E-4CB3-83D2-32E1377EBDFF}
	EndGlobalSection
EndGlobal
